// !$*UTF8*$!
{
	archiveVersion = 1;
	classes = {
	};
	objectVersion = 56;
	objects = {

/* Begin PBXBuildFile section */
		2F30948F29434129006AC618 /* CurrencyExchangeHistory-ViewModel.swift in Sources */ = {isa = PBXBuildFile; fileRef = 2F30948E29434129006AC618 /* CurrencyExchangeHistory-ViewModel.swift */; };
		2F30949229434C6B006AC618 /* CreateSing.swift in Sources */ = {isa = PBXBuildFile; fileRef = 2F30949129434C6B006AC618 /* CreateSing.swift */; };
		2F62996429200E25002B787B /* CurrencyExchangeApp.swift in Sources */ = {isa = PBXBuildFile; fileRef = 2F62996329200E25002B787B /* CurrencyExchangeApp.swift */; };
		2F62996629200E25002B787B /* ContentView.swift in Sources */ = {isa = PBXBuildFile; fileRef = 2F62996529200E25002B787B /* ContentView.swift */; };
		2F62996829200E27002B787B /* Assets.xcassets in Resources */ = {isa = PBXBuildFile; fileRef = 2F62996729200E27002B787B /* Assets.xcassets */; };
		2F62996B29200E27002B787B /* Preview Assets.xcassets in Resources */ = {isa = PBXBuildFile; fileRef = 2F62996A29200E27002B787B /* Preview Assets.xcassets */; };
		2F62997229200EBA002B787B /* CurrencyRate.swift in Sources */ = {isa = PBXBuildFile; fileRef = 2F62997129200EBA002B787B /* CurrencyRate.swift */; };
		2F62997429200ECD002B787B /* CurrencyExchange.swift in Sources */ = {isa = PBXBuildFile; fileRef = 2F62997329200ECD002B787B /* CurrencyExchange.swift */; };
		2F62997629200EE8002B787B /* CurrencyExchangeHistory.swift in Sources */ = {isa = PBXBuildFile; fileRef = 2F62997529200EE8002B787B /* CurrencyExchangeHistory.swift */; };
		2F629978292011DF002B787B /* CurrencyRate-ViewModel.swift in Sources */ = {isa = PBXBuildFile; fileRef = 2F629977292011DF002B787B /* CurrencyRate-ViewModel.swift */; };
		2F62997A292013CC002B787B /* Currency.swift in Sources */ = {isa = PBXBuildFile; fileRef = 2F629979292013CC002B787B /* Currency.swift */; };
		2F6459C72941DAC800637C94 /* CurrencyExchange-ViewModel.swift in Sources */ = {isa = PBXBuildFile; fileRef = 2F6459C62941DAC800637C94 /* CurrencyExchange-ViewModel.swift */; };
		2F6459CA2941DEBA00637C94 /* ExchangeRatesService.swift in Sources */ = {isa = PBXBuildFile; fileRef = 2F6459C92941DEBA00637C94 /* ExchangeRatesService.swift */; };
		2F88A0D82920F5500044E913 /* DataController.swift in Sources */ = {isa = PBXBuildFile; fileRef = 2F88A0D72920F5500044E913 /* DataController.swift */; };
		2F88A0DB2920F60B0044E913 /* ExchangeHistory.xcdatamodeld in Sources */ = {isa = PBXBuildFile; fileRef = 2F88A0D92920F60B0044E913 /* ExchangeHistory.xcdatamodeld */; };
		2F88A0EB2920FAF60044E913 /* AddTransaction.swift in Sources */ = {isa = PBXBuildFile; fileRef = 2F88A0EA2920FAF60044E913 /* AddTransaction.swift */; };
		2FF8024D29229809003DF306 /* ChooseCurrency.swift in Sources */ = {isa = PBXBuildFile; fileRef = 2FF8024C29229809003DF306 /* ChooseCurrency.swift */; };
/* End PBXBuildFile section */

/* Begin PBXFileReference section */
		2F30948E29434129006AC618 /* CurrencyExchangeHistory-ViewModel.swift */ = {isa = PBXFileReference; fileEncoding = 4; lastKnownFileType = sourcecode.swift; path = "CurrencyExchangeHistory-ViewModel.swift"; sourceTree = "<group>"; };
		2F30949129434C6B006AC618 /* CreateSing.swift */ = {isa = PBXFileReference; lastKnownFileType = sourcecode.swift; path = CreateSing.swift; sourceTree = "<group>"; };
		2F62996029200E25002B787B /* CurrencyExchange.app */ = {isa = PBXFileReference; explicitFileType = wrapper.application; includeInIndex = 0; path = CurrencyExchange.app; sourceTree = BUILT_PRODUCTS_DIR; };
		2F62996329200E25002B787B /* CurrencyExchangeApp.swift */ = {isa = PBXFileReference; lastKnownFileType = sourcecode.swift; path = CurrencyExchangeApp.swift; sourceTree = "<group>"; };
		2F62996529200E25002B787B /* ContentView.swift */ = {isa = PBXFileReference; lastKnownFileType = sourcecode.swift; path = ContentView.swift; sourceTree = "<group>"; };
		2F62996729200E27002B787B /* Assets.xcassets */ = {isa = PBXFileReference; lastKnownFileType = folder.assetcatalog; path = Assets.xcassets; sourceTree = "<group>"; };
		2F62996A29200E27002B787B /* Preview Assets.xcassets */ = {isa = PBXFileReference; lastKnownFileType = folder.assetcatalog; path = "Preview Assets.xcassets"; sourceTree = "<group>"; };
		2F62997129200EBA002B787B /* CurrencyRate.swift */ = {isa = PBXFileReference; lastKnownFileType = sourcecode.swift; path = CurrencyRate.swift; sourceTree = "<group>"; };
		2F62997329200ECD002B787B /* CurrencyExchange.swift */ = {isa = PBXFileReference; lastKnownFileType = sourcecode.swift; path = CurrencyExchange.swift; sourceTree = "<group>"; };
		2F62997529200EE8002B787B /* CurrencyExchangeHistory.swift */ = {isa = PBXFileReference; lastKnownFileType = sourcecode.swift; path = CurrencyExchangeHistory.swift; sourceTree = "<group>"; };
		2F629977292011DF002B787B /* CurrencyRate-ViewModel.swift */ = {isa = PBXFileReference; lastKnownFileType = sourcecode.swift; path = "CurrencyRate-ViewModel.swift"; sourceTree = "<group>"; };
		2F629979292013CC002B787B /* Currency.swift */ = {isa = PBXFileReference; lastKnownFileType = sourcecode.swift; path = Currency.swift; sourceTree = "<group>"; };
		2F6459C62941DAC800637C94 /* CurrencyExchange-ViewModel.swift */ = {isa = PBXFileReference; lastKnownFileType = sourcecode.swift; path = "CurrencyExchange-ViewModel.swift"; sourceTree = "<group>"; };
		2F6459C92941DEBA00637C94 /* ExchangeRatesService.swift */ = {isa = PBXFileReference; lastKnownFileType = sourcecode.swift; path = ExchangeRatesService.swift; sourceTree = "<group>"; };
		2F88A0D72920F5500044E913 /* DataController.swift */ = {isa = PBXFileReference; lastKnownFileType = sourcecode.swift; path = DataController.swift; sourceTree = "<group>"; };
		2F88A0DA2920F60B0044E913 /* ExchangeHistory.xcdatamodel */ = {isa = PBXFileReference; lastKnownFileType = wrapper.xcdatamodel; path = ExchangeHistory.xcdatamodel; sourceTree = "<group>"; };
		2F88A0EA2920FAF60044E913 /* AddTransaction.swift */ = {isa = PBXFileReference; lastKnownFileType = sourcecode.swift; path = AddTransaction.swift; sourceTree = "<group>"; };
		2FF8024C29229809003DF306 /* ChooseCurrency.swift */ = {isa = PBXFileReference; lastKnownFileType = sourcecode.swift; path = ChooseCurrency.swift; sourceTree = "<group>"; };
/* End PBXFileReference section */

/* Begin PBXFrameworksBuildPhase section */
		2F62995D29200E24002B787B /* Frameworks */ = {
			isa = PBXFrameworksBuildPhase;
			buildActionMask = 2147483647;
			files = (
			);
			runOnlyForDeploymentPostprocessing = 0;
		};
/* End PBXFrameworksBuildPhase section */

/* Begin PBXGroup section */
		2F30949029434C4C006AC618 /* Extension */ = {
			isa = PBXGroup;
			children = (
				2F30949129434C6B006AC618 /* CreateSing.swift */,
			);
			path = Extension;
			sourceTree = "<group>";
		};
		2F62995729200E24002B787B = {
			isa = PBXGroup;
			children = (
				2F62996229200E25002B787B /* CurrencyExchange */,
				2F62996129200E25002B787B /* Products */,
			);
			sourceTree = "<group>";
		};
		2F62996129200E25002B787B /* Products */ = {
			isa = PBXGroup;
			children = (
				2F62996029200E25002B787B /* CurrencyExchange.app */,
			);
			name = Products;
			sourceTree = "<group>";
		};
		2F62996229200E25002B787B /* CurrencyExchange */ = {
			isa = PBXGroup;
			children = (
				2F62996329200E25002B787B /* CurrencyExchangeApp.swift */,
				2F6459C32941D9D300637C94 /* Models */,
				2F30949029434C4C006AC618 /* Extension */,
				2F6459C82941DE0F00637C94 /* Service */,
				2F6459C52941D9F000637C94 /* ViewModels */,
				2F6459C42941D9E500637C94 /* Views */,
				2FF8024529228BFF003DF306 /* CurrencyExchangeHistory */,
				2F88A0D92920F60B0044E913 /* ExchangeHistory.xcdatamodeld */,
				2F62996729200E27002B787B /* Assets.xcassets */,
				2F62996929200E27002B787B /* Preview Content */,
			);
			path = CurrencyExchange;
			sourceTree = "<group>";
		};
		2F62996929200E27002B787B /* Preview Content */ = {
			isa = PBXGroup;
			children = (
				2F62996A29200E27002B787B /* Preview Assets.xcassets */,
			);
			path = "Preview Content";
			sourceTree = "<group>";
		};
		2F6459C32941D9D300637C94 /* Models */ = {
			isa = PBXGroup;
			children = (
				2F629979292013CC002B787B /* Currency.swift */,
			);
			path = Models;
			sourceTree = "<group>";
		};
		2F6459C42941D9E500637C94 /* Views */ = {
			isa = PBXGroup;
			children = (
				2F62996529200E25002B787B /* ContentView.swift */,
				2F62997129200EBA002B787B /* CurrencyRate.swift */,
				2F62997329200ECD002B787B /* CurrencyExchange.swift */,
				2FF8024C29229809003DF306 /* ChooseCurrency.swift */,
				2F62997529200EE8002B787B /* CurrencyExchangeHistory.swift */,
				2F88A0EA2920FAF60044E913 /* AddTransaction.swift */,
			);
			path = Views;
			sourceTree = "<group>";
		};
		2F6459C52941D9F000637C94 /* ViewModels */ = {
			isa = PBXGroup;
			children = (
				2F629977292011DF002B787B /* CurrencyRate-ViewModel.swift */,
				2F6459C62941DAC800637C94 /* CurrencyExchange-ViewModel.swift */,
				2F30948E29434129006AC618 /* CurrencyExchangeHistory-ViewModel.swift */,
			);
			path = ViewModels;
			sourceTree = "<group>";
		};
		2F6459C82941DE0F00637C94 /* Service */ = {
			isa = PBXGroup;
			children = (
				2F6459C92941DEBA00637C94 /* ExchangeRatesService.swift */,
				2F88A0D72920F5500044E913 /* DataController.swift */,
			);
			path = Service;
			sourceTree = "<group>";
		};
		2FF8024529228BFF003DF306 /* CurrencyExchangeHistory */ = {
			isa = PBXGroup;
			children = (
			);
			path = CurrencyExchangeHistory;
			sourceTree = "<group>";
		};
/* End PBXGroup section */

/* Begin PBXNativeTarget section */
		2F62995F29200E24002B787B /* CurrencyExchange */ = {
			isa = PBXNativeTarget;
			buildConfigurationList = 2F62996E29200E27002B787B /* Build configuration list for PBXNativeTarget "CurrencyExchange" */;
			buildPhases = (
				2F62995C29200E24002B787B /* Sources */,
				2F62995D29200E24002B787B /* Frameworks */,
				2F62995E29200E24002B787B /* Resources */,
			);
			buildRules = (
			);
			dependencies = (
			);
			name = CurrencyExchange;
			productName = CurrencyExchange;
			productReference = 2F62996029200E25002B787B /* CurrencyExchange.app */;
			productType = "com.apple.product-type.application";
		};
/* End PBXNativeTarget section */

/* Begin PBXProject section */
		2F62995829200E24002B787B /* Project object */ = {
			isa = PBXProject;
			attributes = {
				BuildIndependentTargetsInParallel = 1;
				LastSwiftUpdateCheck = 1410;
				LastUpgradeCheck = 1410;
				TargetAttributes = {
					2F62995F29200E24002B787B = {
						CreatedOnToolsVersion = 14.1;
					};
				};
			};
			buildConfigurationList = 2F62995B29200E24002B787B /* Build configuration list for PBXProject "CurrencyExchange" */;
			compatibilityVersion = "Xcode 14.0";
			developmentRegion = en;
			hasScannedForEncodings = 0;
			knownRegions = (
				en,
				Base,
			);
			mainGroup = 2F62995729200E24002B787B;
			productRefGroup = 2F62996129200E25002B787B /* Products */;
			projectDirPath = "";
			projectRoot = "";
			targets = (
				2F62995F29200E24002B787B /* CurrencyExchange */,
			);
		};
/* End PBXProject section */

/* Begin PBXResourcesBuildPhase section */
		2F62995E29200E24002B787B /* Resources */ = {
			isa = PBXResourcesBuildPhase;
			buildActionMask = 2147483647;
			files = (
				2F62996B29200E27002B787B /* Preview Assets.xcassets in Resources */,
				2F62996829200E27002B787B /* Assets.xcassets in Resources */,
			);
			runOnlyForDeploymentPostprocessing = 0;
		};
/* End PBXResourcesBuildPhase section */

/* Begin PBXSourcesBuildPhase section */
		2F62995C29200E24002B787B /* Sources */ = {
			isa = PBXSourcesBuildPhase;
			buildActionMask = 2147483647;
			files = (
				2F6459CA2941DEBA00637C94 /* ExchangeRatesService.swift in Sources */,
				2F6459C72941DAC800637C94 /* CurrencyExchange-ViewModel.swift in Sources */,
				2F30949229434C6B006AC618 /* CreateSing.swift in Sources */,
				2F62996629200E25002B787B /* ContentView.swift in Sources */,
				2F62997229200EBA002B787B /* CurrencyRate.swift in Sources */,
				2FF8024D29229809003DF306 /* ChooseCurrency.swift in Sources */,
				2F88A0EB2920FAF60044E913 /* AddTransaction.swift in Sources */,
				2F62996429200E25002B787B /* CurrencyExchangeApp.swift in Sources */,
				2F30948F29434129006AC618 /* CurrencyExchangeHistory-ViewModel.swift in Sources */,
				2F629978292011DF002B787B /* CurrencyRate-ViewModel.swift in Sources */,
				2F62997429200ECD002B787B /* CurrencyExchange.swift in Sources */,
				2F88A0D82920F5500044E913 /* DataController.swift in Sources */,
				2F88A0DB2920F60B0044E913 /* ExchangeHistory.xcdatamodeld in Sources */,
				2F62997A292013CC002B787B /* Currency.swift in Sources */,
				2F62997629200EE8002B787B /* CurrencyExchangeHistory.swift in Sources */,
			);
			runOnlyForDeploymentPostprocessing = 0;
		};
/* End PBXSourcesBuildPhase section */

/* Begin XCBuildConfiguration section */
		2F62996C29200E27002B787B /* Debug */ = {
			isa = XCBuildConfiguration;
			buildSettings = {
				ALWAYS_SEARCH_USER_PATHS = NO;
				CLANG_ANALYZER_NONNULL = YES;
				CLANG_ANALYZER_NUMBER_OBJECT_CONVERSION = YES_AGGRESSIVE;
				CLANG_CXX_LANGUAGE_STANDARD = "gnu++20";
				CLANG_ENABLE_MODULES = YES;
				CLANG_ENABLE_OBJC_ARC = YES;
				CLANG_ENABLE_OBJC_WEAK = YES;
				CLANG_WARN_BLOCK_CAPTURE_AUTORELEASING = YES;
				CLANG_WARN_BOOL_CONVERSION = YES;
				CLANG_WARN_COMMA = YES;
				CLANG_WARN_CONSTANT_CONVERSION = YES;
				CLANG_WARN_DEPRECATED_OBJC_IMPLEMENTATIONS = YES;
				CLANG_WARN_DIRECT_OBJC_ISA_USAGE = YES_ERROR;
				CLANG_WARN_DOCUMENTATION_COMMENTS = YES;
				CLANG_WARN_EMPTY_BODY = YES;
				CLANG_WARN_ENUM_CONVERSION = YES;
				CLANG_WARN_INFINITE_RECURSION = YES;
				CLANG_WARN_INT_CONVERSION = YES;
				CLANG_WARN_NON_LITERAL_NULL_CONVERSION = YES;
				CLANG_WARN_OBJC_IMPLICIT_RETAIN_SELF = YES;
				CLANG_WARN_OBJC_LITERAL_CONVERSION = YES;
				CLANG_WARN_OBJC_ROOT_CLASS = YES_ERROR;
				CLANG_WARN_QUOTED_INCLUDE_IN_FRAMEWORK_HEADER = YES;
				CLANG_WARN_RANGE_LOOP_ANALYSIS = YES;
				CLANG_WARN_STRICT_PROTOTYPES = YES;
				CLANG_WARN_SUSPICIOUS_MOVE = YES;
				CLANG_WARN_UNGUARDED_AVAILABILITY = YES_AGGRESSIVE;
				CLANG_WARN_UNREACHABLE_CODE = YES;
				CLANG_WARN__DUPLICATE_METHOD_MATCH = YES;
				COPY_PHASE_STRIP = NO;
				DEBUG_INFORMATION_FORMAT = dwarf;
				ENABLE_STRICT_OBJC_MSGSEND = YES;
				ENABLE_TESTABILITY = YES;
				GCC_C_LANGUAGE_STANDARD = gnu11;
				GCC_DYNAMIC_NO_PIC = NO;
				GCC_NO_COMMON_BLOCKS = YES;
				GCC_OPTIMIZATION_LEVEL = 0;
				GCC_PREPROCESSOR_DEFINITIONS = (
					"DEBUG=1",
					"$(inherited)",
				);
				GCC_WARN_64_TO_32_BIT_CONVERSION = YES;
				GCC_WARN_ABOUT_RETURN_TYPE = YES_ERROR;
				GCC_WARN_UNDECLARED_SELECTOR = YES;
				GCC_WARN_UNINITIALIZED_AUTOS = YES_AGGRESSIVE;
				GCC_WARN_UNUSED_FUNCTION = YES;
				GCC_WARN_UNUSED_VARIABLE = YES;
				IPHONEOS_DEPLOYMENT_TARGET = 16.1;
				MTL_ENABLE_DEBUG_INFO = INCLUDE_SOURCE;
				MTL_FAST_MATH = YES;
				ONLY_ACTIVE_ARCH = YES;
				SDKROOT = iphoneos;
				SWIFT_ACTIVE_COMPILATION_CONDITIONS = DEBUG;
				SWIFT_OPTIMIZATION_LEVEL = "-Onone";
			};
			name = Debug;
		};
		2F62996D29200E27002B787B /* Release */ = {
			isa = XCBuildConfiguration;
			buildSettings = {
				ALWAYS_SEARCH_USER_PATHS = NO;
				CLANG_ANALYZER_NONNULL = YES;
				CLANG_ANALYZER_NUMBER_OBJECT_CONVERSION = YES_AGGRESSIVE;
				CLANG_CXX_LANGUAGE_STANDARD = "gnu++20";
				CLANG_ENABLE_MODULES = YES;
				CLANG_ENABLE_OBJC_ARC = YES;
				CLANG_ENABLE_OBJC_WEAK = YES;
				CLANG_WARN_BLOCK_CAPTURE_AUTORELEASING = YES;
				CLANG_WARN_BOOL_CONVERSION = YES;
				CLANG_WARN_COMMA = YES;
				CLANG_WARN_CONSTANT_CONVERSION = YES;
				CLANG_WARN_DEPRECATED_OBJC_IMPLEMENTATIONS = YES;
				CLANG_WARN_DIRECT_OBJC_ISA_USAGE = YES_ERROR;
				CLANG_WARN_DOCUMENTATION_COMMENTS = YES;
				CLANG_WARN_EMPTY_BODY = YES;
				CLANG_WARN_ENUM_CONVERSION = YES;
				CLANG_WARN_INFINITE_RECURSION = YES;
				CLANG_WARN_INT_CONVERSION = YES;
				CLANG_WARN_NON_LITERAL_NULL_CONVERSION = YES;
				CLANG_WARN_OBJC_IMPLICIT_RETAIN_SELF = YES;
				CLANG_WARN_OBJC_LITERAL_CONVERSION = YES;
				CLANG_WARN_OBJC_ROOT_CLASS = YES_ERROR;
				CLANG_WARN_QUOTED_INCLUDE_IN_FRAMEWORK_HEADER = YES;
				CLANG_WARN_RANGE_LOOP_ANALYSIS = YES;
				CLANG_WARN_STRICT_PROTOTYPES = YES;
				CLANG_WARN_SUSPICIOUS_MOVE = YES;
				CLANG_WARN_UNGUARDED_AVAILABILITY = YES_AGGRESSIVE;
				CLANG_WARN_UNREACHABLE_CODE = YES;
				CLANG_WARN__DUPLICATE_METHOD_MATCH = YES;
				COPY_PHASE_STRIP = NO;
				DEBUG_INFORMATION_FORMAT = "dwarf-with-dsym";
				ENABLE_NS_ASSERTIONS = NO;
				ENABLE_STRICT_OBJC_MSGSEND = YES;
				GCC_C_LANGUAGE_STANDARD = gnu11;
				GCC_NO_COMMON_BLOCKS = YES;
				GCC_WARN_64_TO_32_BIT_CONVERSION = YES;
				GCC_WARN_ABOUT_RETURN_TYPE = YES_ERROR;
				GCC_WARN_UNDECLARED_SELECTOR = YES;
				GCC_WARN_UNINITIALIZED_AUTOS = YES_AGGRESSIVE;
				GCC_WARN_UNUSED_FUNCTION = YES;
				GCC_WARN_UNUSED_VARIABLE = YES;
				IPHONEOS_DEPLOYMENT_TARGET = 16.1;
				MTL_ENABLE_DEBUG_INFO = NO;
				MTL_FAST_MATH = YES;
				SDKROOT = iphoneos;
				SWIFT_COMPILATION_MODE = wholemodule;
				SWIFT_OPTIMIZATION_LEVEL = "-O";
				VALIDATE_PRODUCT = YES;
			};
			name = Release;
		};
		2F62996F29200E27002B787B /* Debug */ = {
			isa = XCBuildConfiguration;
			buildSettings = {
				ASSETCATALOG_COMPILER_APPICON_NAME = AppIcon;
				ASSETCATALOG_COMPILER_GLOBAL_ACCENT_COLOR_NAME = AccentColor;
				CODE_SIGN_STYLE = Automatic;
				CURRENT_PROJECT_VERSION = 1;
				DEVELOPMENT_ASSET_PATHS = "\"CurrencyExchange/Preview Content\"";
				DEVELOPMENT_TEAM = 93HDKN64RR;
				ENABLE_PREVIEWS = YES;
				GENERATE_INFOPLIST_FILE = YES;
				INFOPLIST_KEY_UIApplicationSceneManifest_Generation = YES;
				INFOPLIST_KEY_UIApplicationSupportsIndirectInputEvents = YES;
				INFOPLIST_KEY_UILaunchScreen_Generation = YES;
				INFOPLIST_KEY_UISupportedInterfaceOrientations_iPad = "UIInterfaceOrientationPortrait UIInterfaceOrientationPortraitUpsideDown UIInterfaceOrientationLandscapeLeft UIInterfaceOrientationLandscapeRight";
				INFOPLIST_KEY_UISupportedInterfaceOrientations_iPhone = "UIInterfaceOrientationPortrait UIInterfaceOrientationLandscapeLeft UIInterfaceOrientationLandscapeRight";
				IPHONEOS_DEPLOYMENT_TARGET = 15.0;
				LD_RUNPATH_SEARCH_PATHS = (
					"$(inherited)",
					"@executable_path/Frameworks",
				);
				MARKETING_VERSION = 1.0;
				PRODUCT_BUNDLE_IDENTIFIER = Artem.CurrencyExchange;
				PRODUCT_NAME = "$(TARGET_NAME)";
				SWIFT_EMIT_LOC_STRINGS = YES;
				SWIFT_VERSION = 5.0;
				TARGETED_DEVICE_FAMILY = "1,2";
			};
			name = Debug;
		};
		2F62997029200E27002B787B /* Release */ = {
			isa = XCBuildConfiguration;
			buildSettings = {
				ASSETCATALOG_COMPILER_APPICON_NAME = AppIcon;
				ASSETCATALOG_COMPILER_GLOBAL_ACCENT_COLOR_NAME = AccentColor;
				CODE_SIGN_STYLE = Automatic;
				CURRENT_PROJECT_VERSION = 1;
				DEVELOPMENT_ASSET_PATHS = "\"CurrencyExchange/Preview Content\"";
				DEVELOPMENT_TEAM = 93HDKN64RR;
				ENABLE_PREVIEWS = YES;
				GENERATE_INFOPLIST_FILE = YES;
				INFOPLIST_KEY_UIApplicationSceneManifest_Generation = YES;
				INFOPLIST_KEY_UIApplicationSupportsIndirectInputEvents = YES;
				INFOPLIST_KEY_UILaunchScreen_Generation = YES;
				INFOPLIST_KEY_UISupportedInterfaceOrientations_iPad = "UIInterfaceOrientationPortrait UIInterfaceOrientationPortraitUpsideDown UIInterfaceOrientationLandscapeLeft UIInterfaceOrientationLandscapeRight";
				INFOPLIST_KEY_UISupportedInterfaceOrientations_iPhone = "UIInterfaceOrientationPortrait UIInterfaceOrientationLandscapeLeft UIInterfaceOrientationLandscapeRight";
				IPHONEOS_DEPLOYMENT_TARGET = 15.0;
				LD_RUNPATH_SEARCH_PATHS = (
					"$(inherited)",
					"@executable_path/Frameworks",
				);
				MARKETING_VERSION = 1.0;
				PRODUCT_BUNDLE_IDENTIFIER = Artem.CurrencyExchange;
				PRODUCT_NAME = "$(TARGET_NAME)";
				SWIFT_EMIT_LOC_STRINGS = YES;
				SWIFT_VERSION = 5.0;
				TARGETED_DEVICE_FAMILY = "1,2";
			};
			name = Release;
		};
/* End XCBuildConfiguration section */

/* Begin XCConfigurationList section */
		2F62995B29200E24002B787B /* Build configuration list for PBXProject "CurrencyExchange" */ = {
			isa = XCConfigurationList;
			buildConfigurations = (
				2F62996C29200E27002B787B /* Debug */,
				2F62996D29200E27002B787B /* Release */,
			);
			defaultConfigurationIsVisible = 0;
			defaultConfigurationName = Release;
		};
		2F62996E29200E27002B787B /* Build configuration list for PBXNativeTarget "CurrencyExchange" */ = {
			isa = XCConfigurationList;
			buildConfigurations = (
				2F62996F29200E27002B787B /* Debug */,
				2F62997029200E27002B787B /* Release */,
			);
			defaultConfigurationIsVisible = 0;
			defaultConfigurationName = Release;
		};
/* End XCConfigurationList section */

/* Begin XCVersionGroup section */
		2F88A0D92920F60B0044E913 /* ExchangeHistory.xcdatamodeld */ = {
			isa = XCVersionGroup;
			children = (
				2F88A0DA2920F60B0044E913 /* ExchangeHistory.xcdatamodel */,
			);
			currentVersion = 2F88A0DA2920F60B0044E913 /* ExchangeHistory.xcdatamodel */;
			path = ExchangeHistory.xcdatamodeld;
			sourceTree = "<group>";
			versionGroupType = wrapper.xcdatamodel;
		};
/* End XCVersionGroup section */
	};
	rootObject = 2F62995829200E24002B787B /* Project object */;
}
